
Microsoft Visual Studio Solution File, Format Version 12.00
# Visual Studio Version 17
VisualStudioVersion = 17.5.002.0
MinimumVisualStudioVersion = 10.0.40219.1
Project("{9A19103F-16F7-4668-BE54-9A1E7A4F7556}") = "SignalClient", "SignalClient.csproj", "{995C8E66-E23B-4C39-B5D5-4AB1520AC111}"
EndProject
Global
	GlobalSection(SolutionConfigurationPlatforms) = preSolution
		Debug|Any CPU = Debug|Any CPU
		Release|Any CPU = Release|Any CPU
	EndGlobalSection
	GlobalSection(ProjectConfigurationPlatforms) = postSolution
		{995C8E66-E23B-4C39-B5D5-4AB1520AC111}.Debug|Any CPU.ActiveCfg = Debug|Any CPU
		{995C8E66-E23B-4C39-B5D5-4AB1520AC111}.Debug|Any CPU.Build.0 = Debug|Any CPU
		{995C8E66-E23B-4C39-B5D5-4AB1520AC111}.Release|Any CPU.ActiveCfg = Release|Any CPU
		{995C8E66-E23B-4C39-B5D5-4AB1520AC111}.Release|Any CPU.Build.0 = Release|Any CPU
	EndGlobalSection
	GlobalSection(SolutionProperties) = preSolution
		HideSolutionNode = FALSE
	EndGlobalSection
	GlobalSection(ExtensibilityGlobals) = postSolution
		SolutionGuid = {84D63938-0C2A-40ED-93B7-63915371C0AA}
	EndGlobalSection
EndGlobal
